// !$*UTF8*$!
{
	archiveVersion = 1;
	classes = {
	};
	objectVersion = 46;
	objects = {

/* Begin PBXBuildFile section */
		1003EAD2BA5D1F6424BB5A76 /* Pods_WhereToEat_Swift.framework in Frameworks */ = {isa = PBXBuildFile; fileRef = 8BF209499CE7E21B8A6081E0 /* Pods_WhereToEat_Swift.framework */; };
		20F5C8CEE00CF117DB639851 /* Pods_WhereToEat_SwiftUITests.framework in Frameworks */ = {isa = PBXBuildFile; fileRef = A50D29396C807A3EC187B141 /* Pods_WhereToEat_SwiftUITests.framework */; };
		B2231D561D66E2AD00D906C9 /* BaseViewController.swift in Sources */ = {isa = PBXBuildFile; fileRef = B2231D531D66E2AD00D906C9 /* BaseViewController.swift */; };
		B2231D571D66E2AD00D906C9 /* RootNavigationController.swift in Sources */ = {isa = PBXBuildFile; fileRef = B2231D541D66E2AD00D906C9 /* RootNavigationController.swift */; };
		B2231D581D66E2AD00D906C9 /* TabBarViewController.swift in Sources */ = {isa = PBXBuildFile; fileRef = B2231D551D66E2AD00D906C9 /* TabBarViewController.swift */; };
		B2BB0F421D62A3B40033D7F8 /* AppDelegate.swift in Sources */ = {isa = PBXBuildFile; fileRef = B2BB0F411D62A3B40033D7F8 /* AppDelegate.swift */; };
		B2BB0F471D62A3B40033D7F8 /* Main.storyboard in Resources */ = {isa = PBXBuildFile; fileRef = B2BB0F451D62A3B40033D7F8 /* Main.storyboard */; };
		B2BB0F491D62A3B40033D7F8 /* Assets.xcassets in Resources */ = {isa = PBXBuildFile; fileRef = B2BB0F481D62A3B40033D7F8 /* Assets.xcassets */; };
		B2BB0F4C1D62A3B40033D7F8 /* LaunchScreen.storyboard in Resources */ = {isa = PBXBuildFile; fileRef = B2BB0F4A1D62A3B40033D7F8 /* LaunchScreen.storyboard */; };
		B2BB0F571D62A3B40033D7F8 /* WhereToEat_SwiftTests.swift in Sources */ = {isa = PBXBuildFile; fileRef = B2BB0F561D62A3B40033D7F8 /* WhereToEat_SwiftTests.swift */; };
		B2BB0F621D62A3B40033D7F8 /* WhereToEat_SwiftUITests.swift in Sources */ = {isa = PBXBuildFile; fileRef = B2BB0F611D62A3B40033D7F8 /* WhereToEat_SwiftUITests.swift */; };
		B2BB0F751D62E7B30033D7F8 /* definc.swift in Sources */ = {isa = PBXBuildFile; fileRef = B2BB0F741D62E7B30033D7F8 /* definc.swift */; };
		B2BB0F791D6314800033D7F8 /* UIView+SetRect.swift in Sources */ = {isa = PBXBuildFile; fileRef = B2BB0F781D6314800033D7F8 /* UIView+SetRect.swift */; };
		B2E845BC1D6AA22400C3A410 /* FoundViewController.swift in Sources */ = {isa = PBXBuildFile; fileRef = B2E845B71D6AA22400C3A410 /* FoundViewController.swift */; };
		B2E845BD1D6AA22400C3A410 /* HomePageViewController.swift in Sources */ = {isa = PBXBuildFile; fileRef = B2E845B81D6AA22400C3A410 /* HomePageViewController.swift */; };
		B2E845BE1D6AA22400C3A410 /* MessageViewController.swift in Sources */ = {isa = PBXBuildFile; fileRef = B2E845B91D6AA22400C3A410 /* MessageViewController.swift */; };
		B2E845BF1D6AA22400C3A410 /* MoreViewController.swift in Sources */ = {isa = PBXBuildFile; fileRef = B2E845BA1D6AA22400C3A410 /* MoreViewController.swift */; };
		B2E845C01D6AA22400C3A410 /* PersonalViewController.swift in Sources */ = {isa = PBXBuildFile; fileRef = B2E845BB1D6AA22400C3A410 /* PersonalViewController.swift */; };
		B2E845C41D6AA59300C3A410 /* TestDelegateViewController.swift in Sources */ = {isa = PBXBuildFile; fileRef = B2E845C31D6AA59300C3A410 /* TestDelegateViewController.swift */; };
		B2E845C61D6AA5C600C3A410 /* TestBlockViewController.swift in Sources */ = {isa = PBXBuildFile; fileRef = B2E845C51D6AA5C600C3A410 /* TestBlockViewController.swift */; };
		FEA99ADDF04BA2415E05BE06 /* Pods_WhereToEat_SwiftTests.framework in Frameworks */ = {isa = PBXBuildFile; fileRef = 04F9E3A0B132787DF5052111 /* Pods_WhereToEat_SwiftTests.framework */; };
/* End PBXBuildFile section */

/* Begin PBXContainerItemProxy section */
		B2BB0F531D62A3B40033D7F8 /* PBXContainerItemProxy */ = {
			isa = PBXContainerItemProxy;
			containerPortal = B2BB0F361D62A3B40033D7F8 /* Project object */;
			proxyType = 1;
			remoteGlobalIDString = B2BB0F3D1D62A3B40033D7F8;
			remoteInfo = WhereToEat_Swift;
		};
		B2BB0F5E1D62A3B40033D7F8 /* PBXContainerItemProxy */ = {
			isa = PBXContainerItemProxy;
			containerPortal = B2BB0F361D62A3B40033D7F8 /* Project object */;
			proxyType = 1;
			remoteGlobalIDString = B2BB0F3D1D62A3B40033D7F8;
			remoteInfo = WhereToEat_Swift;
		};
/* End PBXContainerItemProxy section */

/* Begin PBXFileReference section */
		04F9E3A0B132787DF5052111 /* Pods_WhereToEat_SwiftTests.framework */ = {isa = PBXFileReference; explicitFileType = wrapper.framework; includeInIndex = 0; path = Pods_WhereToEat_SwiftTests.framework; sourceTree = BUILT_PRODUCTS_DIR; };
		4A609E0DAD9DD704102E99CB /* Pods-WhereToEat_SwiftTests.debug.xcconfig */ = {isa = PBXFileReference; includeInIndex = 1; lastKnownFileType = text.xcconfig; name = "Pods-WhereToEat_SwiftTests.debug.xcconfig"; path = "Pods/Target Support Files/Pods-WhereToEat_SwiftTests/Pods-WhereToEat_SwiftTests.debug.xcconfig"; sourceTree = "<group>"; };
		5F6293BA13A790B0F3A17739 /* Pods-WhereToEat_SwiftUITests.debug.xcconfig */ = {isa = PBXFileReference; includeInIndex = 1; lastKnownFileType = text.xcconfig; name = "Pods-WhereToEat_SwiftUITests.debug.xcconfig"; path = "Pods/Target Support Files/Pods-WhereToEat_SwiftUITests/Pods-WhereToEat_SwiftUITests.debug.xcconfig"; sourceTree = "<group>"; };
		6C42602F7794D2C1DDB9FF3F /* Pods-WhereToEat_Swift.debug.xcconfig */ = {isa = PBXFileReference; includeInIndex = 1; lastKnownFileType = text.xcconfig; name = "Pods-WhereToEat_Swift.debug.xcconfig"; path = "Pods/Target Support Files/Pods-WhereToEat_Swift/Pods-WhereToEat_Swift.debug.xcconfig"; sourceTree = "<group>"; };
		73EF3C651DBC073C613FABF3 /* Pods-WhereToEat_Swift.release.xcconfig */ = {isa = PBXFileReference; includeInIndex = 1; lastKnownFileType = text.xcconfig; name = "Pods-WhereToEat_Swift.release.xcconfig"; path = "Pods/Target Support Files/Pods-WhereToEat_Swift/Pods-WhereToEat_Swift.release.xcconfig"; sourceTree = "<group>"; };
		8BF209499CE7E21B8A6081E0 /* Pods_WhereToEat_Swift.framework */ = {isa = PBXFileReference; explicitFileType = wrapper.framework; includeInIndex = 0; path = Pods_WhereToEat_Swift.framework; sourceTree = BUILT_PRODUCTS_DIR; };
		A0081251FCDDD3BA0D3406AE /* Pods-WhereToEat_SwiftTests.release.xcconfig */ = {isa = PBXFileReference; includeInIndex = 1; lastKnownFileType = text.xcconfig; name = "Pods-WhereToEat_SwiftTests.release.xcconfig"; path = "Pods/Target Support Files/Pods-WhereToEat_SwiftTests/Pods-WhereToEat_SwiftTests.release.xcconfig"; sourceTree = "<group>"; };
		A50D29396C807A3EC187B141 /* Pods_WhereToEat_SwiftUITests.framework */ = {isa = PBXFileReference; explicitFileType = wrapper.framework; includeInIndex = 0; path = Pods_WhereToEat_SwiftUITests.framework; sourceTree = BUILT_PRODUCTS_DIR; };
		B2231D531D66E2AD00D906C9 /* BaseViewController.swift */ = {isa = PBXFileReference; fileEncoding = 4; lastKnownFileType = sourcecode.swift; path = BaseViewController.swift; sourceTree = "<group>"; };
		B2231D541D66E2AD00D906C9 /* RootNavigationController.swift */ = {isa = PBXFileReference; fileEncoding = 4; lastKnownFileType = sourcecode.swift; path = RootNavigationController.swift; sourceTree = "<group>"; };
		B2231D551D66E2AD00D906C9 /* TabBarViewController.swift */ = {isa = PBXFileReference; fileEncoding = 4; lastKnownFileType = sourcecode.swift; path = TabBarViewController.swift; sourceTree = "<group>"; };
		B2BB0F3E1D62A3B40033D7F8 /* WhereToEat_Swift.app */ = {isa = PBXFileReference; explicitFileType = wrapper.application; includeInIndex = 0; path = WhereToEat_Swift.app; sourceTree = BUILT_PRODUCTS_DIR; };
		B2BB0F411D62A3B40033D7F8 /* AppDelegate.swift */ = {isa = PBXFileReference; lastKnownFileType = sourcecode.swift; path = AppDelegate.swift; sourceTree = "<group>"; };
		B2BB0F461D62A3B40033D7F8 /* Base */ = {isa = PBXFileReference; lastKnownFileType = file.storyboard; name = Base; path = Base.lproj/Main.storyboard; sourceTree = "<group>"; };
		B2BB0F481D62A3B40033D7F8 /* Assets.xcassets */ = {isa = PBXFileReference; lastKnownFileType = folder.assetcatalog; path = Assets.xcassets; sourceTree = "<group>"; };
		B2BB0F4B1D62A3B40033D7F8 /* Base */ = {isa = PBXFileReference; lastKnownFileType = file.storyboard; name = Base; path = Base.lproj/LaunchScreen.storyboard; sourceTree = "<group>"; };
		B2BB0F4D1D62A3B40033D7F8 /* Info.plist */ = {isa = PBXFileReference; lastKnownFileType = text.plist.xml; path = Info.plist; sourceTree = "<group>"; };
		B2BB0F521D62A3B40033D7F8 /* WhereToEat_SwiftTests.xctest */ = {isa = PBXFileReference; explicitFileType = wrapper.cfbundle; includeInIndex = 0; path = WhereToEat_SwiftTests.xctest; sourceTree = BUILT_PRODUCTS_DIR; };
		B2BB0F561D62A3B40033D7F8 /* WhereToEat_SwiftTests.swift */ = {isa = PBXFileReference; lastKnownFileType = sourcecode.swift; path = WhereToEat_SwiftTests.swift; sourceTree = "<group>"; };
		B2BB0F581D62A3B40033D7F8 /* Info.plist */ = {isa = PBXFileReference; lastKnownFileType = text.plist.xml; path = Info.plist; sourceTree = "<group>"; };
		B2BB0F5D1D62A3B40033D7F8 /* WhereToEat_SwiftUITests.xctest */ = {isa = PBXFileReference; explicitFileType = wrapper.cfbundle; includeInIndex = 0; path = WhereToEat_SwiftUITests.xctest; sourceTree = BUILT_PRODUCTS_DIR; };
		B2BB0F611D62A3B40033D7F8 /* WhereToEat_SwiftUITests.swift */ = {isa = PBXFileReference; lastKnownFileType = sourcecode.swift; path = WhereToEat_SwiftUITests.swift; sourceTree = "<group>"; };
		B2BB0F631D62A3B40033D7F8 /* Info.plist */ = {isa = PBXFileReference; lastKnownFileType = text.plist.xml; path = Info.plist; sourceTree = "<group>"; };
		B2BB0F741D62E7B30033D7F8 /* definc.swift */ = {isa = PBXFileReference; fileEncoding = 4; lastKnownFileType = sourcecode.swift; path = definc.swift; sourceTree = "<group>"; };
		B2BB0F781D6314800033D7F8 /* UIView+SetRect.swift */ = {isa = PBXFileReference; fileEncoding = 4; lastKnownFileType = sourcecode.swift; name = "UIView+SetRect.swift"; path = "../../UIView+SetRect.swift"; sourceTree = "<group>"; };
		B2E845B71D6AA22400C3A410 /* FoundViewController.swift */ = {isa = PBXFileReference; fileEncoding = 4; lastKnownFileType = sourcecode.swift; path = FoundViewController.swift; sourceTree = "<group>"; };
		B2E845B81D6AA22400C3A410 /* HomePageViewController.swift */ = {isa = PBXFileReference; fileEncoding = 4; lastKnownFileType = sourcecode.swift; path = HomePageViewController.swift; sourceTree = "<group>"; };
		B2E845B91D6AA22400C3A410 /* MessageViewController.swift */ = {isa = PBXFileReference; fileEncoding = 4; lastKnownFileType = sourcecode.swift; path = MessageViewController.swift; sourceTree = "<group>"; };
		B2E845BA1D6AA22400C3A410 /* MoreViewController.swift */ = {isa = PBXFileReference; fileEncoding = 4; lastKnownFileType = sourcecode.swift; path = MoreViewController.swift; sourceTree = "<group>"; };
		B2E845BB1D6AA22400C3A410 /* PersonalViewController.swift */ = {isa = PBXFileReference; fileEncoding = 4; lastKnownFileType = sourcecode.swift; path = PersonalViewController.swift; sourceTree = "<group>"; };
		B2E845C31D6AA59300C3A410 /* TestDelegateViewController.swift */ = {isa = PBXFileReference; fileEncoding = 4; lastKnownFileType = sourcecode.swift; path = TestDelegateViewController.swift; sourceTree = "<group>"; };
		B2E845C51D6AA5C600C3A410 /* TestBlockViewController.swift */ = {isa = PBXFileReference; fileEncoding = 4; lastKnownFileType = sourcecode.swift; path = TestBlockViewController.swift; sourceTree = "<group>"; };
		B61F88612D69A6D65D357FA0 /* Pods-WhereToEat_SwiftUITests.release.xcconfig */ = {isa = PBXFileReference; includeInIndex = 1; lastKnownFileType = text.xcconfig; name = "Pods-WhereToEat_SwiftUITests.release.xcconfig"; path = "Pods/Target Support Files/Pods-WhereToEat_SwiftUITests/Pods-WhereToEat_SwiftUITests.release.xcconfig"; sourceTree = "<group>"; };
/* End PBXFileReference section */

/* Begin PBXFrameworksBuildPhase section */
		B2BB0F3B1D62A3B40033D7F8 /* Frameworks */ = {
			isa = PBXFrameworksBuildPhase;
			buildActionMask = 2147483647;
			files = (
				1003EAD2BA5D1F6424BB5A76 /* Pods_WhereToEat_Swift.framework in Frameworks */,
			);
			runOnlyForDeploymentPostprocessing = 0;
		};
		B2BB0F4F1D62A3B40033D7F8 /* Frameworks */ = {
			isa = PBXFrameworksBuildPhase;
			buildActionMask = 2147483647;
			files = (
				FEA99ADDF04BA2415E05BE06 /* Pods_WhereToEat_SwiftTests.framework in Frameworks */,
			);
			runOnlyForDeploymentPostprocessing = 0;
		};
		B2BB0F5A1D62A3B40033D7F8 /* Frameworks */ = {
			isa = PBXFrameworksBuildPhase;
			buildActionMask = 2147483647;
			files = (
				20F5C8CEE00CF117DB639851 /* Pods_WhereToEat_SwiftUITests.framework in Frameworks */,
			);
			runOnlyForDeploymentPostprocessing = 0;
		};
/* End PBXFrameworksBuildPhase section */

/* Begin PBXGroup section */
		ACB1F17D8ED69657D7C85D56 /* Frameworks */ = {
			isa = PBXGroup;
			children = (
				8BF209499CE7E21B8A6081E0 /* Pods_WhereToEat_Swift.framework */,
				04F9E3A0B132787DF5052111 /* Pods_WhereToEat_SwiftTests.framework */,
				A50D29396C807A3EC187B141 /* Pods_WhereToEat_SwiftUITests.framework */,
			);
			name = Frameworks;
			sourceTree = "<group>";
		};
		B2231D521D66E2AD00D906C9 /* controller */ = {
			isa = PBXGroup;
			children = (
				B2231D531D66E2AD00D906C9 /* BaseViewController.swift */,
				B2231D541D66E2AD00D906C9 /* RootNavigationController.swift */,
				B2231D551D66E2AD00D906C9 /* TabBarViewController.swift */,
			);
			path = controller;
			sourceTree = "<group>";
		};
		B2231D591D66E2E800D906C9 /* category */ = {
			isa = PBXGroup;
			children = (
				B2BB0F781D6314800033D7F8 /* UIView+SetRect.swift */,
			);
			path = category;
			sourceTree = "<group>";
		};
		B2BB0F351D62A3B40033D7F8 = {
			isa = PBXGroup;
			children = (
				B2BB0F401D62A3B40033D7F8 /* WhereToEat_Swift */,
				B2BB0F551D62A3B40033D7F8 /* WhereToEat_SwiftTests */,
				B2BB0F601D62A3B40033D7F8 /* WhereToEat_SwiftUITests */,
				B2BB0F3F1D62A3B40033D7F8 /* Products */,
				BA77854368FA3E74F7BD2EB7 /* Pods */,
				ACB1F17D8ED69657D7C85D56 /* Frameworks */,
			);
			sourceTree = "<group>";
		};
		B2BB0F3F1D62A3B40033D7F8 /* Products */ = {
			isa = PBXGroup;
			children = (
				B2BB0F3E1D62A3B40033D7F8 /* WhereToEat_Swift.app */,
				B2BB0F521D62A3B40033D7F8 /* WhereToEat_SwiftTests.xctest */,
				B2BB0F5D1D62A3B40033D7F8 /* WhereToEat_SwiftUITests.xctest */,
			);
			name = Products;
			sourceTree = "<group>";
		};
		B2BB0F401D62A3B40033D7F8 /* WhereToEat_Swift */ = {
			isa = PBXGroup;
			children = (
				B2BB0F411D62A3B40033D7F8 /* AppDelegate.swift */,
				B2E845C11D6AA46C00C3A410 /* block */,
				B2E845C21D6AA46C00C3A410 /* delegte */,
				B2E845B61D6AA22400C3A410 /* controller */,
				B2BB0F701D62E3340033D7F8 /* Root */,
				B2BB0F481D62A3B40033D7F8 /* Assets.xcassets */,
				B2BB0F4A1D62A3B40033D7F8 /* LaunchScreen.storyboard */,
				B2BB0F451D62A3B40033D7F8 /* Main.storyboard */,
				B2BB0F4D1D62A3B40033D7F8 /* Info.plist */,
			);
			path = WhereToEat_Swift;
			sourceTree = "<group>";
		};
		B2BB0F551D62A3B40033D7F8 /* WhereToEat_SwiftTests */ = {
			isa = PBXGroup;
			children = (
				B2BB0F561D62A3B40033D7F8 /* WhereToEat_SwiftTests.swift */,
				B2BB0F581D62A3B40033D7F8 /* Info.plist */,
			);
			path = WhereToEat_SwiftTests;
			sourceTree = "<group>";
		};
		B2BB0F601D62A3B40033D7F8 /* WhereToEat_SwiftUITests */ = {
			isa = PBXGroup;
			children = (
				B2BB0F611D62A3B40033D7F8 /* WhereToEat_SwiftUITests.swift */,
				B2BB0F631D62A3B40033D7F8 /* Info.plist */,
			);
			path = WhereToEat_SwiftUITests;
			sourceTree = "<group>";
		};
		B2BB0F701D62E3340033D7F8 /* Root */ = {
			isa = PBXGroup;
			children = (
				B2231D591D66E2E800D906C9 /* category */,
				B2231D521D66E2AD00D906C9 /* controller */,
				B2BB0F741D62E7B30033D7F8 /* definc.swift */,
			);
			path = Root;
			sourceTree = "<group>";
		};
		B2E845B61D6AA22400C3A410 /* controller */ = {
			isa = PBXGroup;
			children = (
				B2E845B71D6AA22400C3A410 /* FoundViewController.swift */,
				B2E845B81D6AA22400C3A410 /* HomePageViewController.swift */,
				B2E845B91D6AA22400C3A410 /* MessageViewController.swift */,
				B2E845BA1D6AA22400C3A410 /* MoreViewController.swift */,
				B2E845BB1D6AA22400C3A410 /* PersonalViewController.swift */,
			);
			path = controller;
			sourceTree = "<group>";
		};
		B2E845C11D6AA46C00C3A410 /* block */ = {
			isa = PBXGroup;
			children = (
				B2E845C51D6AA5C600C3A410 /* TestBlockViewController.swift */,
			);
			path = block;
			sourceTree = "<group>";
		};
		B2E845C21D6AA46C00C3A410 /* delegte */ = {
			isa = PBXGroup;
			children = (
				B2E845C31D6AA59300C3A410 /* TestDelegateViewController.swift */,
			);
			path = delegte;
			sourceTree = "<group>";
		};
		BA77854368FA3E74F7BD2EB7 /* Pods */ = {
			isa = PBXGroup;
			children = (
				6C42602F7794D2C1DDB9FF3F /* Pods-WhereToEat_Swift.debug.xcconfig */,
				73EF3C651DBC073C613FABF3 /* Pods-WhereToEat_Swift.release.xcconfig */,
				4A609E0DAD9DD704102E99CB /* Pods-WhereToEat_SwiftTests.debug.xcconfig */,
				A0081251FCDDD3BA0D3406AE /* Pods-WhereToEat_SwiftTests.release.xcconfig */,
				5F6293BA13A790B0F3A17739 /* Pods-WhereToEat_SwiftUITests.debug.xcconfig */,
				B61F88612D69A6D65D357FA0 /* Pods-WhereToEat_SwiftUITests.release.xcconfig */,
			);
			name = Pods;
			sourceTree = "<group>";
		};
/* End PBXGroup section */

/* Begin PBXNativeTarget section */
		B2BB0F3D1D62A3B40033D7F8 /* WhereToEat_Swift */ = {
			isa = PBXNativeTarget;
			buildConfigurationList = B2BB0F661D62A3B40033D7F8 /* Build configuration list for PBXNativeTarget "WhereToEat_Swift" */;
			buildPhases = (
				68574CDE66BB1F65344720DE /* [CP] Check Pods Manifest.lock */,
				B2BB0F3A1D62A3B40033D7F8 /* Sources */,
				B2BB0F3B1D62A3B40033D7F8 /* Frameworks */,
				B2BB0F3C1D62A3B40033D7F8 /* Resources */,
				AF4B3E6A5E53247232B9A37E /* [CP] Embed Pods Frameworks */,
				E28546BE176E070243705035 /* [CP] Copy Pods Resources */,
			);
			buildRules = (
			);
			dependencies = (
			);
			name = WhereToEat_Swift;
			productName = WhereToEat_Swift;
			productReference = B2BB0F3E1D62A3B40033D7F8 /* WhereToEat_Swift.app */;
			productType = "com.apple.product-type.application";
		};
		B2BB0F511D62A3B40033D7F8 /* WhereToEat_SwiftTests */ = {
			isa = PBXNativeTarget;
			buildConfigurationList = B2BB0F691D62A3B40033D7F8 /* Build configuration list for PBXNativeTarget "WhereToEat_SwiftTests" */;
			buildPhases = (
				507378348433CAD5E805AFC1 /* [CP] Check Pods Manifest.lock */,
				B2BB0F4E1D62A3B40033D7F8 /* Sources */,
				B2BB0F4F1D62A3B40033D7F8 /* Frameworks */,
				B2BB0F501D62A3B40033D7F8 /* Resources */,
				00EE98EAA3329D8D6464D855 /* [CP] Embed Pods Frameworks */,
				8D02E6F940CEBDAC4F97034C /* [CP] Copy Pods Resources */,
			);
			buildRules = (
			);
			dependencies = (
				B2BB0F541D62A3B40033D7F8 /* PBXTargetDependency */,
			);
			name = WhereToEat_SwiftTests;
			productName = WhereToEat_SwiftTests;
			productReference = B2BB0F521D62A3B40033D7F8 /* WhereToEat_SwiftTests.xctest */;
			productType = "com.apple.product-type.bundle.unit-test";
		};
		B2BB0F5C1D62A3B40033D7F8 /* WhereToEat_SwiftUITests */ = {
			isa = PBXNativeTarget;
			buildConfigurationList = B2BB0F6C1D62A3B40033D7F8 /* Build configuration list for PBXNativeTarget "WhereToEat_SwiftUITests" */;
			buildPhases = (
				805D9B6ED785DF237716FF93 /* [CP] Check Pods Manifest.lock */,
				B2BB0F591D62A3B40033D7F8 /* Sources */,
				B2BB0F5A1D62A3B40033D7F8 /* Frameworks */,
				B2BB0F5B1D62A3B40033D7F8 /* Resources */,
				EB729C5CA825A809EA02E01B /* [CP] Copy Pods Resources */,
			);
			buildRules = (
			);
			dependencies = (
				B2BB0F5F1D62A3B40033D7F8 /* PBXTargetDependency */,
			);
			name = WhereToEat_SwiftUITests;
			productName = WhereToEat_SwiftUITests;
			productReference = B2BB0F5D1D62A3B40033D7F8 /* WhereToEat_SwiftUITests.xctest */;
			productType = "com.apple.product-type.bundle.ui-testing";
		};
/* End PBXNativeTarget section */

/* Begin PBXProject section */
		B2BB0F361D62A3B40033D7F8 /* Project object */ = {
			isa = PBXProject;
			attributes = {
				LastSwiftUpdateCheck = 0730;
				LastUpgradeCheck = 0730;
				ORGANIZATIONNAME = "谭晨东";
				TargetAttributes = {
					B2BB0F3D1D62A3B40033D7F8 = {
						CreatedOnToolsVersion = 7.3.1;
					};
					B2BB0F511D62A3B40033D7F8 = {
						CreatedOnToolsVersion = 7.3.1;
						TestTargetID = B2BB0F3D1D62A3B40033D7F8;
					};
					B2BB0F5C1D62A3B40033D7F8 = {
						CreatedOnToolsVersion = 7.3.1;
						TestTargetID = B2BB0F3D1D62A3B40033D7F8;
					};
				};
			};
			buildConfigurationList = B2BB0F391D62A3B40033D7F8 /* Build configuration list for PBXProject "WhereToEat_Swift" */;
			compatibilityVersion = "Xcode 3.2";
			developmentRegion = English;
			hasScannedForEncodings = 0;
			knownRegions = (
				en,
				Base,
			);
			mainGroup = B2BB0F351D62A3B40033D7F8;
			productRefGroup = B2BB0F3F1D62A3B40033D7F8 /* Products */;
			projectDirPath = "";
			projectRoot = "";
			targets = (
				B2BB0F3D1D62A3B40033D7F8 /* WhereToEat_Swift */,
				B2BB0F511D62A3B40033D7F8 /* WhereToEat_SwiftTests */,
				B2BB0F5C1D62A3B40033D7F8 /* WhereToEat_SwiftUITests */,
			);
		};
/* End PBXProject section */

/* Begin PBXResourcesBuildPhase section */
		B2BB0F3C1D62A3B40033D7F8 /* Resources */ = {
			isa = PBXResourcesBuildPhase;
			buildActionMask = 2147483647;
			files = (
				B2BB0F4C1D62A3B40033D7F8 /* LaunchScreen.storyboard in Resources */,
				B2BB0F491D62A3B40033D7F8 /* Assets.xcassets in Resources */,
				B2BB0F471D62A3B40033D7F8 /* Main.storyboard in Resources */,
			);
			runOnlyForDeploymentPostprocessing = 0;
		};
		B2BB0F501D62A3B40033D7F8 /* Resources */ = {
			isa = PBXResourcesBuildPhase;
			buildActionMask = 2147483647;
			files = (
			);
			runOnlyForDeploymentPostprocessing = 0;
		};
		B2BB0F5B1D62A3B40033D7F8 /* Resources */ = {
			isa = PBXResourcesBuildPhase;
			buildActionMask = 2147483647;
			files = (
			);
			runOnlyForDeploymentPostprocessing = 0;
		};
/* End PBXResourcesBuildPhase section */

/* Begin PBXShellScriptBuildPhase section */
		00EE98EAA3329D8D6464D855 /* [CP] Embed Pods Frameworks */ = {
			isa = PBXShellScriptBuildPhase;
			buildActionMask = 2147483647;
			files = (
			);
			inputPaths = (
			);
			name = "[CP] Embed Pods Frameworks";
			outputPaths = (
			);
			runOnlyForDeploymentPostprocessing = 0;
			shellPath = /bin/sh;
			shellScript = "\"${SRCROOT}/Pods/Target Support Files/Pods-WhereToEat_SwiftTests/Pods-WhereToEat_SwiftTests-frameworks.sh\"\n";
			showEnvVarsInLog = 0;
		};
		507378348433CAD5E805AFC1 /* [CP] Check Pods Manifest.lock */ = {
			isa = PBXShellScriptBuildPhase;
			buildActionMask = 2147483647;
			files = (
			);
			inputPaths = (
			);
			name = "[CP] Check Pods Manifest.lock";
			outputPaths = (
			);
			runOnlyForDeploymentPostprocessing = 0;
			shellPath = /bin/sh;
			shellScript = "diff \"${PODS_ROOT}/../Podfile.lock\" \"${PODS_ROOT}/Manifest.lock\" > /dev/null\nif [[ $? != 0 ]] ; then\n    cat << EOM\nerror: The sandbox is not in sync with the Podfile.lock. Run 'pod install' or update your CocoaPods installation.\nEOM\n    exit 1\nfi\n";
			showEnvVarsInLog = 0;
		};
		68574CDE66BB1F65344720DE /* [CP] Check Pods Manifest.lock */ = {
			isa = PBXShellScriptBuildPhase;
			buildActionMask = 2147483647;
			files = (
			);
			inputPaths = (
			);
			name = "[CP] Check Pods Manifest.lock";
			outputPaths = (
			);
			runOnlyForDeploymentPostprocessing = 0;
			shellPath = /bin/sh;
			shellScript = "diff \"${PODS_ROOT}/../Podfile.lock\" \"${PODS_ROOT}/Manifest.lock\" > /dev/null\nif [[ $? != 0 ]] ; then\n    cat << EOM\nerror: The sandbox is not in sync with the Podfile.lock. Run 'pod install' or update your CocoaPods installation.\nEOM\n    exit 1\nfi\n";
			showEnvVarsInLog = 0;
		};
		805D9B6ED785DF237716FF93 /* [CP] Check Pods Manifest.lock */ = {
			isa = PBXShellScriptBuildPhase;
			buildActionMask = 2147483647;
			files = (
			);
			inputPaths = (
			);
			name = "[CP] Check Pods Manifest.lock";
			outputPaths = (
			);
			runOnlyForDeploymentPostprocessing = 0;
			shellPath = /bin/sh;
			shellScript = "diff \"${PODS_ROOT}/../Podfile.lock\" \"${PODS_ROOT}/Manifest.lock\" > /dev/null\nif [[ $? != 0 ]] ; then\n    cat << EOM\nerror: The sandbox is not in sync with the Podfile.lock. Run 'pod install' or update your CocoaPods installation.\nEOM\n    exit 1\nfi\n";
			showEnvVarsInLog = 0;
		};
		8D02E6F940CEBDAC4F97034C /* [CP] Copy Pods Resources */ = {
			isa = PBXShellScriptBuildPhase;
			buildActionMask = 2147483647;
			files = (
			);
			inputPaths = (
			);
			name = "[CP] Copy Pods Resources";
			outputPaths = (
			);
			runOnlyForDeploymentPostprocessing = 0;
			shellPath = /bin/sh;
			shellScript = "\"${SRCROOT}/Pods/Target Support Files/Pods-WhereToEat_SwiftTests/Pods-WhereToEat_SwiftTests-resources.sh\"\n";
			showEnvVarsInLog = 0;
		};
		AF4B3E6A5E53247232B9A37E /* [CP] Embed Pods Frameworks */ = {
			isa = PBXShellScriptBuildPhase;
			buildActionMask = 2147483647;
			files = (
			);
			inputPaths = (
			);
			name = "[CP] Embed Pods Frameworks";
			outputPaths = (
			);
			runOnlyForDeploymentPostprocessing = 0;
			shellPath = /bin/sh;
			shellScript = "\"${SRCROOT}/Pods/Target Support Files/Pods-WhereToEat_Swift/Pods-WhereToEat_Swift-frameworks.sh\"\n";
			showEnvVarsInLog = 0;
		};
		E28546BE176E070243705035 /* [CP] Copy Pods Resources */ = {
			isa = PBXShellScriptBuildPhase;
			buildActionMask = 2147483647;
			files = (
			);
			inputPaths = (
			);
			name = "[CP] Copy Pods Resources";
			outputPaths = (
			);
			runOnlyForDeploymentPostprocessing = 0;
			shellPath = /bin/sh;
			shellScript = "\"${SRCROOT}/Pods/Target Support Files/Pods-WhereToEat_Swift/Pods-WhereToEat_Swift-resources.sh\"\n";
			showEnvVarsInLog = 0;
		};
		EB729C5CA825A809EA02E01B /* [CP] Copy Pods Resources */ = {
			isa = PBXShellScriptBuildPhase;
			buildActionMask = 2147483647;
			files = (
			);
			inputPaths = (
			);
			name = "[CP] Copy Pods Resources";
			outputPaths = (
			);
			runOnlyForDeploymentPostprocessing = 0;
			shellPath = /bin/sh;
			shellScript = "\"${SRCROOT}/Pods/Target Support Files/Pods-WhereToEat_SwiftUITests/Pods-WhereToEat_SwiftUITests-resources.sh\"\n";
			showEnvVarsInLog = 0;
		};
/* End PBXShellScriptBuildPhase section */

/* Begin PBXSourcesBuildPhase section */
		B2BB0F3A1D62A3B40033D7F8 /* Sources */ = {
			isa = PBXSourcesBuildPhase;
			buildActionMask = 2147483647;
			files = (
				B2231D581D66E2AD00D906C9 /* TabBarViewController.swift in Sources */,
				B2E845BE1D6AA22400C3A410 /* MessageViewController.swift in Sources */,
				B2E845C61D6AA5C600C3A410 /* TestBlockViewController.swift in Sources */,
				B2E845C41D6AA59300C3A410 /* TestDelegateViewController.swift in Sources */,
				B2BB0F751D62E7B30033D7F8 /* definc.swift in Sources */,
				B2231D571D66E2AD00D906C9 /* RootNavigationController.swift in Sources */,
				B2BB0F421D62A3B40033D7F8 /* AppDelegate.swift in Sources */,
				B2E845BF1D6AA22400C3A410 /* MoreViewController.swift in Sources */,
				B2E845BD1D6AA22400C3A410 /* HomePageViewController.swift in Sources */,
				B2231D561D66E2AD00D906C9 /* BaseViewController.swift in Sources */,
				B2E845BC1D6AA22400C3A410 /* FoundViewController.swift in Sources */,
				B2BB0F791D6314800033D7F8 /* UIView+SetRect.swift in Sources */,
				B2E845C01D6AA22400C3A410 /* PersonalViewController.swift in Sources */,
			);
			runOnlyForDeploymentPostprocessing = 0;
		};
		B2BB0F4E1D62A3B40033D7F8 /* Sources */ = {
			isa = PBXSourcesBuildPhase;
			buildActionMask = 2147483647;
			files = (
				B2BB0F571D62A3B40033D7F8 /* WhereToEat_SwiftTests.swift in Sources */,
			);
			runOnlyForDeploymentPostprocessing = 0;
		};
		B2BB0F591D62A3B40033D7F8 /* Sources */ = {
			isa = PBXSourcesBuildPhase;
			buildActionMask = 2147483647;
			files = (
				B2BB0F621D62A3B40033D7F8 /* WhereToEat_SwiftUITests.swift in Sources */,
			);
			runOnlyForDeploymentPostprocessing = 0;
		};
/* End PBXSourcesBuildPhase section */

/* Begin PBXTargetDependency section */
		B2BB0F541D62A3B40033D7F8 /* PBXTargetDependency */ = {
			isa = PBXTargetDependency;
			target = B2BB0F3D1D62A3B40033D7F8 /* WhereToEat_Swift */;
			targetProxy = B2BB0F531D62A3B40033D7F8 /* PBXContainerItemProxy */;
		};
		B2BB0F5F1D62A3B40033D7F8 /* PBXTargetDependency */ = {
			isa = PBXTargetDependency;
			target = B2BB0F3D1D62A3B40033D7F8 /* WhereToEat_Swift */;
			targetProxy = B2BB0F5E1D62A3B40033D7F8 /* PBXContainerItemProxy */;
		};
/* End PBXTargetDependency section */

/* Begin PBXVariantGroup section */
		B2BB0F451D62A3B40033D7F8 /* Main.storyboard */ = {
			isa = PBXVariantGroup;
			children = (
				B2BB0F461D62A3B40033D7F8 /* Base */,
			);
			name = Main.storyboard;
			sourceTree = "<group>";
		};
		B2BB0F4A1D62A3B40033D7F8 /* LaunchScreen.storyboard */ = {
			isa = PBXVariantGroup;
			children = (
				B2BB0F4B1D62A3B40033D7F8 /* Base */,
			);
			name = LaunchScreen.storyboard;
			sourceTree = "<group>";
		};
/* End PBXVariantGroup section */

/* Begin XCBuildConfiguration section */
		B2BB0F641D62A3B40033D7F8 /* Debug */ = {
			isa = XCBuildConfiguration;
			buildSettings = {
				ALWAYS_SEARCH_USER_PATHS = NO;
				CLANG_ANALYZER_NONNULL = YES;
				CLANG_CXX_LANGUAGE_STANDARD = "gnu++0x";
				CLANG_CXX_LIBRARY = "libc++";
				CLANG_ENABLE_MODULES = YES;
				CLANG_ENABLE_OBJC_ARC = YES;
				CLANG_WARN_BOOL_CONVERSION = YES;
				CLANG_WARN_CONSTANT_CONVERSION = YES;
				CLANG_WARN_DIRECT_OBJC_ISA_USAGE = YES_ERROR;
				CLANG_WARN_EMPTY_BODY = YES;
				CLANG_WARN_ENUM_CONVERSION = YES;
				CLANG_WARN_INT_CONVERSION = YES;
				CLANG_WARN_OBJC_ROOT_CLASS = YES_ERROR;
				CLANG_WARN_UNREACHABLE_CODE = YES;
				CLANG_WARN__DUPLICATE_METHOD_MATCH = YES;
				"CODE_SIGN_IDENTITY[sdk=iphoneos*]" = "iPhone Developer";
				COPY_PHASE_STRIP = NO;
				DEBUG_INFORMATION_FORMAT = dwarf;
				ENABLE_STRICT_OBJC_MSGSEND = YES;
				ENABLE_TESTABILITY = YES;
				GCC_C_LANGUAGE_STANDARD = gnu99;
				GCC_DYNAMIC_NO_PIC = NO;
				GCC_NO_COMMON_BLOCKS = YES;
				GCC_OPTIMIZATION_LEVEL = 0;
				GCC_PREPROCESSOR_DEFINITIONS = (
					"DEBUG=1",
					"$(inherited)",
				);
				GCC_WARN_64_TO_32_BIT_CONVERSION = YES;
				GCC_WARN_ABOUT_RETURN_TYPE = YES_ERROR;
				GCC_WARN_UNDECLARED_SELECTOR = YES;
				GCC_WARN_UNINITIALIZED_AUTOS = YES_AGGRESSIVE;
				GCC_WARN_UNUSED_FUNCTION = YES;
				GCC_WARN_UNUSED_VARIABLE = YES;
				IPHONEOS_DEPLOYMENT_TARGET = 9.3;
				MTL_ENABLE_DEBUG_INFO = YES;
				ONLY_ACTIVE_ARCH = YES;
				SDKROOT = iphoneos;
				SWIFT_OPTIMIZATION_LEVEL = "-Onone";
				TARGETED_DEVICE_FAMILY = "1,2";
			};
			name = Debug;
		};
		B2BB0F651D62A3B40033D7F8 /* Release */ = {
			isa = XCBuildConfiguration;
			buildSettings = {
				ALWAYS_SEARCH_USER_PATHS = NO;
				CLANG_ANALYZER_NONNULL = YES;
				CLANG_CXX_LANGUAGE_STANDARD = "gnu++0x";
				CLANG_CXX_LIBRARY = "libc++";
				CLANG_ENABLE_MODULES = YES;
				CLANG_ENABLE_OBJC_ARC = YES;
				CLANG_WARN_BOOL_CONVERSION = YES;
				CLANG_WARN_CONSTANT_CONVERSION = YES;
				CLANG_WARN_DIRECT_OBJC_ISA_USAGE = YES_ERROR;
				CLANG_WARN_EMPTY_BODY = YES;
				CLANG_WARN_ENUM_CONVERSION = YES;
				CLANG_WARN_INT_CONVERSION = YES;
				CLANG_WARN_OBJC_ROOT_CLASS = YES_ERROR;
				CLANG_WARN_UNREACHABLE_CODE = YES;
				CLANG_WARN__DUPLICATE_METHOD_MATCH = YES;
				"CODE_SIGN_IDENTITY[sdk=iphoneos*]" = "iPhone Developer";
				COPY_PHASE_STRIP = NO;
				DEBUG_INFORMATION_FORMAT = "dwarf-with-dsym";
				ENABLE_NS_ASSERTIONS = NO;
				ENABLE_STRICT_OBJC_MSGSEND = YES;
				GCC_C_LANGUAGE_STANDARD = gnu99;
				GCC_NO_COMMON_BLOCKS = YES;
				GCC_WARN_64_TO_32_BIT_CONVERSION = YES;
				GCC_WARN_ABOUT_RETURN_TYPE = YES_ERROR;
				GCC_WARN_UNDECLARED_SELECTOR = YES;
				GCC_WARN_UNINITIALIZED_AUTOS = YES_AGGRESSIVE;
				GCC_WARN_UNUSED_FUNCTION = YES;
				GCC_WARN_UNUSED_VARIABLE = YES;
				IPHONEOS_DEPLOYMENT_TARGET = 9.3;
				MTL_ENABLE_DEBUG_INFO = NO;
				SDKROOT = iphoneos;
				TARGETED_DEVICE_FAMILY = "1,2";
				VALIDATE_PRODUCT = YES;
			};
			name = Release;
		};
		B2BB0F671D62A3B40033D7F8 /* Debug */ = {
			isa = XCBuildConfiguration;
			baseConfigurationReference = 6C42602F7794D2C1DDB9FF3F /* Pods-WhereToEat_Swift.debug.xcconfig */;
			buildSettings = {
				ASSETCATALOG_COMPILER_APPICON_NAME = AppIcon;
				INFOPLIST_FILE = WhereToEat_Swift/Info.plist;
				LD_RUNPATH_SEARCH_PATHS = "$(inherited) @executable_path/Frameworks";
				PRODUCT_BUNDLE_IDENTIFIER = "Donggua.WhereToEat-Swift";
				PRODUCT_NAME = "$(TARGET_NAME)";
			};
			name = Debug;
		};
		B2BB0F681D62A3B40033D7F8 /* Release */ = {
			isa = XCBuildConfiguration;
			baseConfigurationReference = 73EF3C651DBC073C613FABF3 /* Pods-WhereToEat_Swift.release.xcconfig */;
			buildSettings = {
				ASSETCATALOG_COMPILER_APPICON_NAME = AppIcon;
				INFOPLIST_FILE = WhereToEat_Swift/Info.plist;
				LD_RUNPATH_SEARCH_PATHS = "$(inherited) @executable_path/Frameworks";
				PRODUCT_BUNDLE_IDENTIFIER = "Donggua.WhereToEat-Swift";
				PRODUCT_NAME = "$(TARGET_NAME)";
			};
			name = Release;
		};
		B2BB0F6A1D62A3B40033D7F8 /* Debug */ = {
			isa = XCBuildConfiguration;
			baseConfigurationReference = 4A609E0DAD9DD704102E99CB /* Pods-WhereToEat_SwiftTests.debug.xcconfig */;
			buildSettings = {
				BUNDLE_LOADER = "$(TEST_HOST)";
				INFOPLIST_FILE = WhereToEat_SwiftTests/Info.plist;
				LD_RUNPATH_SEARCH_PATHS = "$(inherited) @executable_path/Frameworks @loader_path/Frameworks";
				PRODUCT_BUNDLE_IDENTIFIER = "Donggua.WhereToEat-SwiftTests";
				PRODUCT_NAME = "$(TARGET_NAME)";
				TEST_HOST = "$(BUILT_PRODUCTS_DIR)/WhereToEat_Swift.app/WhereToEat_Swift";
			};
			name = Debug;
		};
		B2BB0F6B1D62A3B40033D7F8 /* Release */ = {
			isa = XCBuildConfiguration;
			baseConfigurationReference = A0081251FCDDD3BA0D3406AE /* Pods-WhereToEat_SwiftTests.release.xcconfig */;
			buildSettings = {
				BUNDLE_LOADER = "$(TEST_HOST)";
				INFOPLIST_FILE = WhereToEat_SwiftTests/Info.plist;
				LD_RUNPATH_SEARCH_PATHS = "$(inherited) @executable_path/Frameworks @loader_path/Frameworks";
				PRODUCT_BUNDLE_IDENTIFIER = "Donggua.WhereToEat-SwiftTests";
				PRODUCT_NAME = "$(TARGET_NAME)";
				TEST_HOST = "$(BUILT_PRODUCTS_DIR)/WhereToEat_Swift.app/WhereToEat_Swift";
			};
			name = Release;
		};
		B2BB0F6D1D62A3B40033D7F8 /* Debug */ = {
			isa = XCBuildConfiguration;
			baseConfigurationReference = 5F6293BA13A790B0F3A17739 /* Pods-WhereToEat_SwiftUITests.debug.xcconfig */;
			buildSettings = {
				INFOPLIST_FILE = WhereToEat_SwiftUITests/Info.plist;
				LD_RUNPATH_SEARCH_PATHS = "$(inherited) @executable_path/Frameworks @loader_path/Frameworks";
				PRODUCT_BUNDLE_IDENTIFIER = "Donggua.WhereToEat-SwiftUITests";
				PRODUCT_NAME = "$(TARGET_NAME)";
				TEST_TARGET_NAME = WhereToEat_Swift;
			};
			name = Debug;
		};
		B2BB0F6E1D62A3B40033D7F8 /* Release */ = {
			isa = XCBuildConfiguration;
			baseConfigurationReference = B61F88612D69A6D65D357FA0 /* Pods-WhereToEat_SwiftUITests.release.xcconfig */;
			buildSettings = {
				INFOPLIST_FILE = WhereToEat_SwiftUITests/Info.plist;
				LD_RUNPATH_SEARCH_PATHS = "$(inherited) @executable_path/Frameworks @loader_path/Frameworks";
				PRODUCT_BUNDLE_IDENTIFIER = "Donggua.WhereToEat-SwiftUITests";
				PRODUCT_NAME = "$(TARGET_NAME)";
				TEST_TARGET_NAME = WhereToEat_Swift;
			};
			name = Release;
		};
/* End XCBuildConfiguration section */

/* Begin XCConfigurationList section */
		B2BB0F391D62A3B40033D7F8 /* Build configuration list for PBXProject "WhereToEat_Swift" */ = {
			isa = XCConfigurationList;
			buildConfigurations = (
				B2BB0F641D62A3B40033D7F8 /* Debug */,
				B2BB0F651D62A3B40033D7F8 /* Release */,
			);
			defaultConfigurationIsVisible = 0;
			defaultConfigurationName = Release;
		};
		B2BB0F661D62A3B40033D7F8 /* Build configuration list for PBXNativeTarget "WhereToEat_Swift" */ = {
			isa = XCConfigurationList;
			buildConfigurations = (
				B2BB0F671D62A3B40033D7F8 /* Debug */,
				B2BB0F681D62A3B40033D7F8 /* Release */,
			);
			defaultConfigurationIsVisible = 0;
			defaultConfigurationName = Release;
		};
		B2BB0F691D62A3B40033D7F8 /* Build configuration list for PBXNativeTarget "WhereToEat_SwiftTests" */ = {
			isa = XCConfigurationList;
			buildConfigurations = (
				B2BB0F6A1D62A3B40033D7F8 /* Debug */,
				B2BB0F6B1D62A3B40033D7F8 /* Release */,
			);
			defaultConfigurationIsVisible = 0;
			defaultConfigurationName = Release;
		};
		B2BB0F6C1D62A3B40033D7F8 /* Build configuration list for PBXNativeTarget "WhereToEat_SwiftUITests" */ = {
			isa = XCConfigurationList;
			buildConfigurations = (
				B2BB0F6D1D62A3B40033D7F8 /* Debug */,
				B2BB0F6E1D62A3B40033D7F8 /* Release */,
			);
			defaultConfigurationIsVisible = 0;
			defaultConfigurationName = Release;
		};
/* End XCConfigurationList section */
	};
	rootObject = B2BB0F361D62A3B40033D7F8 /* Project object */;
}
